
Microsoft Visual Studio Solution File, Format Version 12.00
# Visual Studio Version 16
VisualStudioVersion = 16.0.29503.13
MinimumVisualStudioVersion = 10.0.40219.1
Project("{8BC9CEB8-8B4A-11D0-8D11-00A0C91BC942}") = "test", "test\test.vcxproj", "{B4D575D5-761C-43FD-9B95-075950BDC48E}"
EndProject
Global
	GlobalSection(SolutionConfigurationPlatforms) = preSolution
		Debug|x64 = Debug|x64
		Debug|x86 = Debug|x86
		Release|x64 = Release|x64
		Release|x86 = Release|x86
	EndGlobalSection
	GlobalSection(ProjectConfigurationPlatforms) = postSolution
		{B4D575D5-761C-43FD-9B95-075950BDC48E}.Debug|x64.ActiveCfg = Debug|x64
		{B4D575D5-761C-43FD-9B95-075950BDC48E}.Debug|x64.Build.0 = Debug|x64
		{B4D575D5-761C-43FD-9B95-075950BDC48E}.Debug|x86.ActiveCfg = Debug|Win32
		{B4D575D5-761C-43FD-9B95-075950BDC48E}.Debug|x86.Build.0 = Debug|Win32
		{B4D575D5-761C-43FD-9B95-075950BDC48E}.Release|x64.ActiveCfg = Release|x64
		{B4D575D5-761C-43FD-9B95-075950BDC48E}.Release|x64.Build.0 = Release|x64
		{B4D575D5-761C-43FD-9B95-075950BDC48E}.Release|x86.ActiveCfg = Release|Win32
		{B4D575D5-761C-43FD-9B95-075950BDC48E}.Release|x86.Build.0 = Release|Win32
	EndGlobalSection
	GlobalSection(SolutionProperties) = preSolution
		HideSolutionNode = FALSE
	EndGlobalSection
	GlobalSection(ExtensibilityGlobals) = postSolution
		SolutionGuid = {899DD415-71CF-457A-9027-095FC7BBF932}
	EndGlobalSection
EndGlobal
